// !$*UTF8*$!
{
	archiveVersion = 1;
	classes = {
	};
	objectVersion = 51;
	objects = {

/* Begin PBXBuildFile section */
		08A04861EB65C41EF2A904F7 /* Pods_YYxObjcProvingground_YYxObjcProvinggroundUITests.framework in Frameworks */ = {isa = PBXBuildFile; fileRef = 681AF566F00D7C414B2E6A87 /* Pods_YYxObjcProvingground_YYxObjcProvinggroundUITests.framework */; };
		254BDCEBA801FD657A4C1532 /* Pods_YYxObjcProvingground.framework in Frameworks */ = {isa = PBXBuildFile; fileRef = B9BD175D3E8E44D1CD9D6FD4 /* Pods_YYxObjcProvingground.framework */; };
		C4B1264B5574A61FFAFB061A /* Pods_YYxObjcProvinggroundTests.framework in Frameworks */ = {isa = PBXBuildFile; fileRef = 975EA5F993979F2CA2C110F1 /* Pods_YYxObjcProvinggroundTests.framework */; };
		D2B3C6B526E72E2C0009F2A1 /* JsonDataManager.m in Sources */ = {isa = PBXBuildFile; fileRef = D2B3C6B326E72E2C0009F2A1 /* JsonDataManager.m */; };
		D2B3C6B626E72E2C0009F2A1 /* JsonDataManager.m in Sources */ = {isa = PBXBuildFile; fileRef = D2B3C6B326E72E2C0009F2A1 /* JsonDataManager.m */; };
		D2B3C6B726E72E2C0009F2A1 /* JsonDataManager.m in Sources */ = {isa = PBXBuildFile; fileRef = D2B3C6B326E72E2C0009F2A1 /* JsonDataManager.m */; };
		D2B3C6CC26E72F650009F2A1 /* friend1.json in Resources */ = {isa = PBXBuildFile; fileRef = D2B3C6BD26E72F650009F2A1 /* friend1.json */; };
		D2B3C6CD26E72F650009F2A1 /* friend1.json in Resources */ = {isa = PBXBuildFile; fileRef = D2B3C6BD26E72F650009F2A1 /* friend1.json */; };
		D2B3C6CE26E72F650009F2A1 /* friend1.json in Resources */ = {isa = PBXBuildFile; fileRef = D2B3C6BD26E72F650009F2A1 /* friend1.json */; };
		D2B3C6CF26E72F650009F2A1 /* man.json in Resources */ = {isa = PBXBuildFile; fileRef = D2B3C6BE26E72F650009F2A1 /* man.json */; };
		D2B3C6D026E72F650009F2A1 /* man.json in Resources */ = {isa = PBXBuildFile; fileRef = D2B3C6BE26E72F650009F2A1 /* man.json */; };
		D2B3C6D126E72F650009F2A1 /* man.json in Resources */ = {isa = PBXBuildFile; fileRef = D2B3C6BE26E72F650009F2A1 /* man.json */; };
		D2B3C6D226E72F650009F2A1 /* friend4.json in Resources */ = {isa = PBXBuildFile; fileRef = D2B3C6BF26E72F650009F2A1 /* friend4.json */; };
		D2B3C6D326E72F650009F2A1 /* friend4.json in Resources */ = {isa = PBXBuildFile; fileRef = D2B3C6BF26E72F650009F2A1 /* friend4.json */; };
		D2B3C6D426E72F650009F2A1 /* friend4.json in Resources */ = {isa = PBXBuildFile; fileRef = D2B3C6BF26E72F650009F2A1 /* friend4.json */; };
		D2B3C6D526E72F650009F2A1 /* friend3.json in Resources */ = {isa = PBXBuildFile; fileRef = D2B3C6C026E72F650009F2A1 /* friend3.json */; };
		D2B3C6D626E72F650009F2A1 /* friend3.json in Resources */ = {isa = PBXBuildFile; fileRef = D2B3C6C026E72F650009F2A1 /* friend3.json */; };
		D2B3C6D726E72F650009F2A1 /* friend3.json in Resources */ = {isa = PBXBuildFile; fileRef = D2B3C6C026E72F650009F2A1 /* friend3.json */; };
		D2B3C6D826E72F650009F2A1 /* friend2.json in Resources */ = {isa = PBXBuildFile; fileRef = D2B3C6C126E72F650009F2A1 /* friend2.json */; };
		D2B3C6D926E72F650009F2A1 /* friend2.json in Resources */ = {isa = PBXBuildFile; fileRef = D2B3C6C126E72F650009F2A1 /* friend2.json */; };
		D2B3C6DA26E72F650009F2A1 /* friend2.json in Resources */ = {isa = PBXBuildFile; fileRef = D2B3C6C126E72F650009F2A1 /* friend2.json */; };
		D2B3C6DB26E72F650009F2A1 /* Man.m in Sources */ = {isa = PBXBuildFile; fileRef = D2B3C6C326E72F650009F2A1 /* Man.m */; };
		D2B3C6DC26E72F650009F2A1 /* Man.m in Sources */ = {isa = PBXBuildFile; fileRef = D2B3C6C326E72F650009F2A1 /* Man.m */; };
		D2B3C6DD26E72F650009F2A1 /* Man.m in Sources */ = {isa = PBXBuildFile; fileRef = D2B3C6C326E72F650009F2A1 /* Man.m */; };
		D2B3C6DE26E72F650009F2A1 /* Friend.m in Sources */ = {isa = PBXBuildFile; fileRef = D2B3C6C926E72F650009F2A1 /* Friend.m */; };
		D2B3C6DF26E72F650009F2A1 /* Friend.m in Sources */ = {isa = PBXBuildFile; fileRef = D2B3C6C926E72F650009F2A1 /* Friend.m */; };
		D2B3C6E026E72F650009F2A1 /* Friend.m in Sources */ = {isa = PBXBuildFile; fileRef = D2B3C6C926E72F650009F2A1 /* Friend.m */; };
		D2B3C6E126E72F650009F2A1 /* ManResponse.m in Sources */ = {isa = PBXBuildFile; fileRef = D2B3C6CA26E72F650009F2A1 /* ManResponse.m */; };
		D2B3C6E226E72F650009F2A1 /* ManResponse.m in Sources */ = {isa = PBXBuildFile; fileRef = D2B3C6CA26E72F650009F2A1 /* ManResponse.m */; };
		D2B3C6E326E72F650009F2A1 /* ManResponse.m in Sources */ = {isa = PBXBuildFile; fileRef = D2B3C6CA26E72F650009F2A1 /* ManResponse.m */; };
		D2B3C6E426E72F650009F2A1 /* FriendResponse.m in Sources */ = {isa = PBXBuildFile; fileRef = D2B3C6CB26E72F650009F2A1 /* FriendResponse.m */; };
		D2B3C6E526E72F650009F2A1 /* FriendResponse.m in Sources */ = {isa = PBXBuildFile; fileRef = D2B3C6CB26E72F650009F2A1 /* FriendResponse.m */; };
		D2B3C6E626E72F650009F2A1 /* FriendResponse.m in Sources */ = {isa = PBXBuildFile; fileRef = D2B3C6CB26E72F650009F2A1 /* FriendResponse.m */; };
		D2DE089226E3B486006096A2 /* AppDelegate.m in Sources */ = {isa = PBXBuildFile; fileRef = D2DE089126E3B486006096A2 /* AppDelegate.m */; };
		D2DE089526E3B486006096A2 /* SceneDelegate.m in Sources */ = {isa = PBXBuildFile; fileRef = D2DE089426E3B486006096A2 /* SceneDelegate.m */; };
		D2DE089826E3B486006096A2 /* ViewController.m in Sources */ = {isa = PBXBuildFile; fileRef = D2DE089726E3B486006096A2 /* ViewController.m */; };
		D2DE089B26E3B486006096A2 /* Main.storyboard in Resources */ = {isa = PBXBuildFile; fileRef = D2DE089926E3B486006096A2 /* Main.storyboard */; };
		D2DE089D26E3B489006096A2 /* Assets.xcassets in Resources */ = {isa = PBXBuildFile; fileRef = D2DE089C26E3B489006096A2 /* Assets.xcassets */; };
		D2DE08A026E3B489006096A2 /* LaunchScreen.storyboard in Resources */ = {isa = PBXBuildFile; fileRef = D2DE089E26E3B489006096A2 /* LaunchScreen.storyboard */; };
		D2DE08A326E3B489006096A2 /* main.m in Sources */ = {isa = PBXBuildFile; fileRef = D2DE08A226E3B489006096A2 /* main.m */; };
		D2DE08AD26E3B489006096A2 /* YYxObjcProvinggroundTests.m in Sources */ = {isa = PBXBuildFile; fileRef = D2DE08AC26E3B489006096A2 /* YYxObjcProvinggroundTests.m */; };
		D2DE08B826E3B489006096A2 /* YYxObjcProvinggroundUITests.m in Sources */ = {isa = PBXBuildFile; fileRef = D2DE08B726E3B489006096A2 /* YYxObjcProvinggroundUITests.m */; };
/* End PBXBuildFile section */

/* Begin PBXContainerItemProxy section */
		D2DE08A926E3B489006096A2 /* PBXContainerItemProxy */ = {
			isa = PBXContainerItemProxy;
			containerPortal = D2DE088526E3B486006096A2 /* Project object */;
			proxyType = 1;
			remoteGlobalIDString = D2DE088C26E3B486006096A2;
			remoteInfo = YYxObjcProvingground;
		};
		D2DE08B426E3B489006096A2 /* PBXContainerItemProxy */ = {
			isa = PBXContainerItemProxy;
			containerPortal = D2DE088526E3B486006096A2 /* Project object */;
			proxyType = 1;
			remoteGlobalIDString = D2DE088C26E3B486006096A2;
			remoteInfo = YYxObjcProvingground;
		};
/* End PBXContainerItemProxy section */

/* Begin PBXFileReference section */
		1141DE56109C57F0D9494C91 /* Pods-YYxObjcProvingground.debug.xcconfig */ = {isa = PBXFileReference; includeInIndex = 1; lastKnownFileType = text.xcconfig; name = "Pods-YYxObjcProvingground.debug.xcconfig"; path = "Target Support Files/Pods-YYxObjcProvingground/Pods-YYxObjcProvingground.debug.xcconfig"; sourceTree = "<group>"; };
		15CED8008E3007D29DE24CD9 /* Pods-YYxObjcProvingground-YYxObjcProvinggroundUITests.release.xcconfig */ = {isa = PBXFileReference; includeInIndex = 1; lastKnownFileType = text.xcconfig; name = "Pods-YYxObjcProvingground-YYxObjcProvinggroundUITests.release.xcconfig"; path = "Target Support Files/Pods-YYxObjcProvingground-YYxObjcProvinggroundUITests/Pods-YYxObjcProvingground-YYxObjcProvinggroundUITests.release.xcconfig"; sourceTree = "<group>"; };
		681AF566F00D7C414B2E6A87 /* Pods_YYxObjcProvingground_YYxObjcProvinggroundUITests.framework */ = {isa = PBXFileReference; explicitFileType = wrapper.framework; includeInIndex = 0; path = Pods_YYxObjcProvingground_YYxObjcProvinggroundUITests.framework; sourceTree = BUILT_PRODUCTS_DIR; };
		74886205AB76FCB659201C6E /* Pods-YYxObjcProvingground.release.xcconfig */ = {isa = PBXFileReference; includeInIndex = 1; lastKnownFileType = text.xcconfig; name = "Pods-YYxObjcProvingground.release.xcconfig"; path = "Target Support Files/Pods-YYxObjcProvingground/Pods-YYxObjcProvingground.release.xcconfig"; sourceTree = "<group>"; };
		975EA5F993979F2CA2C110F1 /* Pods_YYxObjcProvinggroundTests.framework */ = {isa = PBXFileReference; explicitFileType = wrapper.framework; includeInIndex = 0; path = Pods_YYxObjcProvinggroundTests.framework; sourceTree = BUILT_PRODUCTS_DIR; };
		9B1EBC33442876247369433F /* Pods-YYxObjcProvinggroundTests.debug.xcconfig */ = {isa = PBXFileReference; includeInIndex = 1; lastKnownFileType = text.xcconfig; name = "Pods-YYxObjcProvinggroundTests.debug.xcconfig"; path = "Target Support Files/Pods-YYxObjcProvinggroundTests/Pods-YYxObjcProvinggroundTests.debug.xcconfig"; sourceTree = "<group>"; };
		B9BD175D3E8E44D1CD9D6FD4 /* Pods_YYxObjcProvingground.framework */ = {isa = PBXFileReference; explicitFileType = wrapper.framework; includeInIndex = 0; path = Pods_YYxObjcProvingground.framework; sourceTree = BUILT_PRODUCTS_DIR; };
		C44BCC71E23B733F40BE20E5 /* Pods-YYxObjcProvinggroundTests.release.xcconfig */ = {isa = PBXFileReference; includeInIndex = 1; lastKnownFileType = text.xcconfig; name = "Pods-YYxObjcProvinggroundTests.release.xcconfig"; path = "Target Support Files/Pods-YYxObjcProvinggroundTests/Pods-YYxObjcProvinggroundTests.release.xcconfig"; sourceTree = "<group>"; };
		D2B3C6B326E72E2C0009F2A1 /* JsonDataManager.m */ = {isa = PBXFileReference; fileEncoding = 4; lastKnownFileType = sourcecode.c.objc; name = JsonDataManager.m; path = CathaybkTestObjCProject/JsonDataManager.m; sourceTree = SOURCE_ROOT; };
		D2B3C6B426E72E2C0009F2A1 /* JsonDataManager.h */ = {isa = PBXFileReference; fileEncoding = 4; lastKnownFileType = sourcecode.c.h; name = JsonDataManager.h; path = CathaybkTestObjCProject/JsonDataManager.h; sourceTree = SOURCE_ROOT; };
		D2B3C6BD26E72F650009F2A1 /* friend1.json */ = {isa = PBXFileReference; fileEncoding = 4; lastKnownFileType = text.json; path = friend1.json; sourceTree = "<group>"; };
		D2B3C6BE26E72F650009F2A1 /* man.json */ = {isa = PBXFileReference; fileEncoding = 4; lastKnownFileType = text.json; path = man.json; sourceTree = "<group>"; };
		D2B3C6BF26E72F650009F2A1 /* friend4.json */ = {isa = PBXFileReference; fileEncoding = 4; lastKnownFileType = text.json; path = friend4.json; sourceTree = "<group>"; };
		D2B3C6C026E72F650009F2A1 /* friend3.json */ = {isa = PBXFileReference; fileEncoding = 4; lastKnownFileType = text.json; path = friend3.json; sourceTree = "<group>"; };
		D2B3C6C126E72F650009F2A1 /* friend2.json */ = {isa = PBXFileReference; fileEncoding = 4; lastKnownFileType = text.json; path = friend2.json; sourceTree = "<group>"; };
		D2B3C6C326E72F650009F2A1 /* Man.m */ = {isa = PBXFileReference; fileEncoding = 4; lastKnownFileType = sourcecode.c.objc; path = Man.m; sourceTree = "<group>"; };
		D2B3C6C426E72F650009F2A1 /* Friend.h */ = {isa = PBXFileReference; fileEncoding = 4; lastKnownFileType = sourcecode.c.h; path = Friend.h; sourceTree = "<group>"; };
		D2B3C6C526E72F650009F2A1 /* Response.h */ = {isa = PBXFileReference; fileEncoding = 4; lastKnownFileType = sourcecode.c.h; path = Response.h; sourceTree = "<group>"; };
		D2B3C6C626E72F650009F2A1 /* ManResponse.h */ = {isa = PBXFileReference; fileEncoding = 4; lastKnownFileType = sourcecode.c.h; path = ManResponse.h; sourceTree = "<group>"; };
		D2B3C6C726E72F650009F2A1 /* FriendResponse.h */ = {isa = PBXFileReference; fileEncoding = 4; lastKnownFileType = sourcecode.c.h; path = FriendResponse.h; sourceTree = "<group>"; };
		D2B3C6C826E72F650009F2A1 /* Man.h */ = {isa = PBXFileReference; fileEncoding = 4; lastKnownFileType = sourcecode.c.h; path = Man.h; sourceTree = "<group>"; };
		D2B3C6C926E72F650009F2A1 /* Friend.m */ = {isa = PBXFileReference; fileEncoding = 4; lastKnownFileType = sourcecode.c.objc; path = Friend.m; sourceTree = "<group>"; };
		D2B3C6CA26E72F650009F2A1 /* ManResponse.m */ = {isa = PBXFileReference; fileEncoding = 4; lastKnownFileType = sourcecode.c.objc; path = ManResponse.m; sourceTree = "<group>"; };
		D2B3C6CB26E72F650009F2A1 /* FriendResponse.m */ = {isa = PBXFileReference; fileEncoding = 4; lastKnownFileType = sourcecode.c.objc; path = FriendResponse.m; sourceTree = "<group>"; };
		D2DE088D26E3B486006096A2 /* YYxObjcProvingground.app */ = {isa = PBXFileReference; explicitFileType = wrapper.application; includeInIndex = 0; path = YYxObjcProvingground.app; sourceTree = BUILT_PRODUCTS_DIR; };
		D2DE089026E3B486006096A2 /* AppDelegate.h */ = {isa = PBXFileReference; lastKnownFileType = sourcecode.c.h; path = AppDelegate.h; sourceTree = "<group>"; };
		D2DE089126E3B486006096A2 /* AppDelegate.m */ = {isa = PBXFileReference; lastKnownFileType = sourcecode.c.objc; path = AppDelegate.m; sourceTree = "<group>"; };
		D2DE089326E3B486006096A2 /* SceneDelegate.h */ = {isa = PBXFileReference; lastKnownFileType = sourcecode.c.h; path = SceneDelegate.h; sourceTree = "<group>"; };
		D2DE089426E3B486006096A2 /* SceneDelegate.m */ = {isa = PBXFileReference; lastKnownFileType = sourcecode.c.objc; path = SceneDelegate.m; sourceTree = "<group>"; };
		D2DE089626E3B486006096A2 /* ViewController.h */ = {isa = PBXFileReference; lastKnownFileType = sourcecode.c.h; path = ViewController.h; sourceTree = "<group>"; };
		D2DE089726E3B486006096A2 /* ViewController.m */ = {isa = PBXFileReference; lastKnownFileType = sourcecode.c.objc; path = ViewController.m; sourceTree = "<group>"; };
		D2DE089A26E3B486006096A2 /* Base */ = {isa = PBXFileReference; lastKnownFileType = file.storyboard; name = Base; path = Base.lproj/Main.storyboard; sourceTree = "<group>"; };
		D2DE089C26E3B489006096A2 /* Assets.xcassets */ = {isa = PBXFileReference; lastKnownFileType = folder.assetcatalog; path = Assets.xcassets; sourceTree = "<group>"; };
		D2DE089F26E3B489006096A2 /* Base */ = {isa = PBXFileReference; lastKnownFileType = file.storyboard; name = Base; path = Base.lproj/LaunchScreen.storyboard; sourceTree = "<group>"; };
		D2DE08A126E3B489006096A2 /* Info.plist */ = {isa = PBXFileReference; lastKnownFileType = text.plist.xml; path = Info.plist; sourceTree = "<group>"; };
		D2DE08A226E3B489006096A2 /* main.m */ = {isa = PBXFileReference; lastKnownFileType = sourcecode.c.objc; path = main.m; sourceTree = "<group>"; };
		D2DE08A826E3B489006096A2 /* YYxObjcProvinggroundTests.xctest */ = {isa = PBXFileReference; explicitFileType = wrapper.cfbundle; includeInIndex = 0; path = YYxObjcProvinggroundTests.xctest; sourceTree = BUILT_PRODUCTS_DIR; };
		D2DE08AC26E3B489006096A2 /* YYxObjcProvinggroundTests.m */ = {isa = PBXFileReference; lastKnownFileType = sourcecode.c.objc; path = YYxObjcProvinggroundTests.m; sourceTree = "<group>"; };
		D2DE08AE26E3B489006096A2 /* Info.plist */ = {isa = PBXFileReference; lastKnownFileType = text.plist.xml; path = Info.plist; sourceTree = "<group>"; };
		D2DE08B326E3B489006096A2 /* YYxObjcProvinggroundUITests.xctest */ = {isa = PBXFileReference; explicitFileType = wrapper.cfbundle; includeInIndex = 0; path = YYxObjcProvinggroundUITests.xctest; sourceTree = BUILT_PRODUCTS_DIR; };
		D2DE08B726E3B489006096A2 /* YYxObjcProvinggroundUITests.m */ = {isa = PBXFileReference; lastKnownFileType = sourcecode.c.objc; path = YYxObjcProvinggroundUITests.m; sourceTree = "<group>"; };
		D2DE08B926E3B489006096A2 /* Info.plist */ = {isa = PBXFileReference; lastKnownFileType = text.plist.xml; path = Info.plist; sourceTree = "<group>"; };
		E92559C1A4823FFF50C30B7B /* Pods-YYxObjcProvingground-YYxObjcProvinggroundUITests.debug.xcconfig */ = {isa = PBXFileReference; includeInIndex = 1; lastKnownFileType = text.xcconfig; name = "Pods-YYxObjcProvingground-YYxObjcProvinggroundUITests.debug.xcconfig"; path = "Target Support Files/Pods-YYxObjcProvingground-YYxObjcProvinggroundUITests/Pods-YYxObjcProvingground-YYxObjcProvinggroundUITests.debug.xcconfig"; sourceTree = "<group>"; };
/* End PBXFileReference section */

/* Begin PBXFrameworksBuildPhase section */
		D2DE088A26E3B486006096A2 /* Frameworks */ = {
			isa = PBXFrameworksBuildPhase;
			buildActionMask = 2147483647;
			files = (
				254BDCEBA801FD657A4C1532 /* Pods_YYxObjcProvingground.framework in Frameworks */,
			);
			runOnlyForDeploymentPostprocessing = 0;
		};
		D2DE08A526E3B489006096A2 /* Frameworks */ = {
			isa = PBXFrameworksBuildPhase;
			buildActionMask = 2147483647;
			files = (
				C4B1264B5574A61FFAFB061A /* Pods_YYxObjcProvinggroundTests.framework in Frameworks */,
			);
			runOnlyForDeploymentPostprocessing = 0;
		};
		D2DE08B026E3B489006096A2 /* Frameworks */ = {
			isa = PBXFrameworksBuildPhase;
			buildActionMask = 2147483647;
			files = (
				08A04861EB65C41EF2A904F7 /* Pods_YYxObjcProvingground_YYxObjcProvinggroundUITests.framework in Frameworks */,
			);
			runOnlyForDeploymentPostprocessing = 0;
		};
/* End PBXFrameworksBuildPhase section */

/* Begin PBXGroup section */
		2AF3D8ACCEBDA3669F71B948 /* Pods */ = {
			isa = PBXGroup;
			children = (
				1141DE56109C57F0D9494C91 /* Pods-YYxObjcProvingground.debug.xcconfig */,
				74886205AB76FCB659201C6E /* Pods-YYxObjcProvingground.release.xcconfig */,
				E92559C1A4823FFF50C30B7B /* Pods-YYxObjcProvingground-YYxObjcProvinggroundUITests.debug.xcconfig */,
				15CED8008E3007D29DE24CD9 /* Pods-YYxObjcProvingground-YYxObjcProvinggroundUITests.release.xcconfig */,
				9B1EBC33442876247369433F /* Pods-YYxObjcProvinggroundTests.debug.xcconfig */,
				C44BCC71E23B733F40BE20E5 /* Pods-YYxObjcProvinggroundTests.release.xcconfig */,
			);
			path = Pods;
			sourceTree = "<group>";
		};
		D26EC1DB9B78E44E7B243B4F /* Frameworks */ = {
			isa = PBXGroup;
			children = (
				B9BD175D3E8E44D1CD9D6FD4 /* Pods_YYxObjcProvingground.framework */,
				681AF566F00D7C414B2E6A87 /* Pods_YYxObjcProvingground_YYxObjcProvinggroundUITests.framework */,
				975EA5F993979F2CA2C110F1 /* Pods_YYxObjcProvinggroundTests.framework */,
			);
			name = Frameworks;
			sourceTree = "<group>";
		};
		D2B3C6AA26E72DCA0009F2A1 /* CathaybkTestObjCProject */ = {
			isa = PBXGroup;
			children = (
				D2B3C6BC26E72F650009F2A1 /* Datas */,
				D2B3C6C226E72F650009F2A1 /* Models */,
				D2B3C6B426E72E2C0009F2A1 /* JsonDataManager.h */,
				D2B3C6B326E72E2C0009F2A1 /* JsonDataManager.m */,
			);
			path = CathaybkTestObjCProject;
			sourceTree = "<group>";
		};
		D2B3C6BC26E72F650009F2A1 /* Datas */ = {
			isa = PBXGroup;
			children = (
				D2B3C6BD26E72F650009F2A1 /* friend1.json */,
				D2B3C6BE26E72F650009F2A1 /* man.json */,
				D2B3C6BF26E72F650009F2A1 /* friend4.json */,
				D2B3C6C026E72F650009F2A1 /* friend3.json */,
				D2B3C6C126E72F650009F2A1 /* friend2.json */,
			);
			name = Datas;
			path = CathaybkTestObjCProject/Datas;
			sourceTree = SOURCE_ROOT;
		};
		D2B3C6C226E72F650009F2A1 /* Models */ = {
			isa = PBXGroup;
			children = (
				D2B3C6C326E72F650009F2A1 /* Man.m */,
				D2B3C6C426E72F650009F2A1 /* Friend.h */,
				D2B3C6C526E72F650009F2A1 /* Response.h */,
				D2B3C6C626E72F650009F2A1 /* ManResponse.h */,
				D2B3C6C726E72F650009F2A1 /* FriendResponse.h */,
				D2B3C6C826E72F650009F2A1 /* Man.h */,
				D2B3C6C926E72F650009F2A1 /* Friend.m */,
				D2B3C6CA26E72F650009F2A1 /* ManResponse.m */,
				D2B3C6CB26E72F650009F2A1 /* FriendResponse.m */,
			);
			name = Models;
			path = CathaybkTestObjCProject/Models;
			sourceTree = SOURCE_ROOT;
		};
		D2DE088426E3B486006096A2 = {
			isa = PBXGroup;
			children = (
				D2DE088F26E3B486006096A2 /* YYxObjcProvingground */,
				D2DE08AB26E3B489006096A2 /* YYxObjcProvinggroundTests */,
				D2DE08B626E3B489006096A2 /* YYxObjcProvinggroundUITests */,
				D2DE088E26E3B486006096A2 /* Products */,
				2AF3D8ACCEBDA3669F71B948 /* Pods */,
				D26EC1DB9B78E44E7B243B4F /* Frameworks */,
			);
			sourceTree = "<group>";
		};
		D2DE088E26E3B486006096A2 /* Products */ = {
			isa = PBXGroup;
			children = (
				D2DE088D26E3B486006096A2 /* YYxObjcProvingground.app */,
				D2DE08A826E3B489006096A2 /* YYxObjcProvinggroundTests.xctest */,
				D2DE08B326E3B489006096A2 /* YYxObjcProvinggroundUITests.xctest */,
			);
			name = Products;
			sourceTree = "<group>";
		};
		D2DE088F26E3B486006096A2 /* YYxObjcProvingground */ = {
			isa = PBXGroup;
			children = (
				D2B3C6AA26E72DCA0009F2A1 /* CathaybkTestObjCProject */,
				D2DE089026E3B486006096A2 /* AppDelegate.h */,
				D2DE089126E3B486006096A2 /* AppDelegate.m */,
				D2DE089326E3B486006096A2 /* SceneDelegate.h */,
				D2DE089426E3B486006096A2 /* SceneDelegate.m */,
				D2DE089626E3B486006096A2 /* ViewController.h */,
				D2DE089726E3B486006096A2 /* ViewController.m */,
				D2DE089926E3B486006096A2 /* Main.storyboard */,
				D2DE089C26E3B489006096A2 /* Assets.xcassets */,
				D2DE089E26E3B489006096A2 /* LaunchScreen.storyboard */,
				D2DE08A126E3B489006096A2 /* Info.plist */,
				D2DE08A226E3B489006096A2 /* main.m */,
			);
			path = YYxObjcProvingground;
			sourceTree = "<group>";
		};
		D2DE08AB26E3B489006096A2 /* YYxObjcProvinggroundTests */ = {
			isa = PBXGroup;
			children = (
				D2DE08AC26E3B489006096A2 /* YYxObjcProvinggroundTests.m */,
				D2DE08AE26E3B489006096A2 /* Info.plist */,
			);
			path = YYxObjcProvinggroundTests;
			sourceTree = "<group>";
		};
		D2DE08B626E3B489006096A2 /* YYxObjcProvinggroundUITests */ = {
			isa = PBXGroup;
			children = (
				D2DE08B726E3B489006096A2 /* YYxObjcProvinggroundUITests.m */,
				D2DE08B926E3B489006096A2 /* Info.plist */,
			);
			path = YYxObjcProvinggroundUITests;
			sourceTree = "<group>";
		};
/* End PBXGroup section */

/* Begin PBXNativeTarget section */
		D2DE088C26E3B486006096A2 /* YYxObjcProvingground */ = {
			isa = PBXNativeTarget;
			buildConfigurationList = D2DE08BC26E3B489006096A2 /* Build configuration list for PBXNativeTarget "YYxObjcProvingground" */;
			buildPhases = (
				40CE9A7D8BCE6BA2EBDA4C42 /* [CP] Check Pods Manifest.lock */,
				D2DE088926E3B486006096A2 /* Sources */,
				D2DE088A26E3B486006096A2 /* Frameworks */,
				D2DE088B26E3B486006096A2 /* Resources */,
				E502A672C03F0F9EFB47B78E /* [CP] Embed Pods Frameworks */,
			);
			buildRules = (
			);
			dependencies = (
			);
			name = YYxObjcProvingground;
			productName = YYxObjcProvingground;
			productReference = D2DE088D26E3B486006096A2 /* YYxObjcProvingground.app */;
			productType = "com.apple.product-type.application";
		};
		D2DE08A726E3B489006096A2 /* YYxObjcProvinggroundTests */ = {
			isa = PBXNativeTarget;
			buildConfigurationList = D2DE08BF26E3B489006096A2 /* Build configuration list for PBXNativeTarget "YYxObjcProvinggroundTests" */;
			buildPhases = (
				7BD87DD132981D35504FADA7 /* [CP] Check Pods Manifest.lock */,
				D2DE08A426E3B489006096A2 /* Sources */,
				D2DE08A526E3B489006096A2 /* Frameworks */,
				D2DE08A626E3B489006096A2 /* Resources */,
				93B6F559BB42AD99B8B2935A /* [CP] Embed Pods Frameworks */,
			);
			buildRules = (
			);
			dependencies = (
				D2DE08AA26E3B489006096A2 /* PBXTargetDependency */,
			);
			name = YYxObjcProvinggroundTests;
			productName = YYxObjcProvinggroundTests;
			productReference = D2DE08A826E3B489006096A2 /* YYxObjcProvinggroundTests.xctest */;
			productType = "com.apple.product-type.bundle.unit-test";
		};
		D2DE08B226E3B489006096A2 /* YYxObjcProvinggroundUITests */ = {
			isa = PBXNativeTarget;
			buildConfigurationList = D2DE08C226E3B489006096A2 /* Build configuration list for PBXNativeTarget "YYxObjcProvinggroundUITests" */;
			buildPhases = (
				8BE04F89F28AE955EB29D266 /* [CP] Check Pods Manifest.lock */,
				D2DE08AF26E3B489006096A2 /* Sources */,
				D2DE08B026E3B489006096A2 /* Frameworks */,
				D2DE08B126E3B489006096A2 /* Resources */,
				AC1AB0B602C08878A3DDF9B0 /* [CP] Embed Pods Frameworks */,
			);
			buildRules = (
			);
			dependencies = (
				D2DE08B526E3B489006096A2 /* PBXTargetDependency */,
			);
			name = YYxObjcProvinggroundUITests;
			productName = YYxObjcProvinggroundUITests;
			productReference = D2DE08B326E3B489006096A2 /* YYxObjcProvinggroundUITests.xctest */;
			productType = "com.apple.product-type.bundle.ui-testing";
		};
/* End PBXNativeTarget section */

/* Begin PBXProject section */
		D2DE088526E3B486006096A2 /* Project object */ = {
			isa = PBXProject;
			attributes = {
				LastUpgradeCheck = 1250;
				TargetAttributes = {
					D2DE088C26E3B486006096A2 = {
						CreatedOnToolsVersion = 12.5.1;
					};
					D2DE08A726E3B489006096A2 = {
						CreatedOnToolsVersion = 12.5.1;
						TestTargetID = D2DE088C26E3B486006096A2;
					};
					D2DE08B226E3B489006096A2 = {
						CreatedOnToolsVersion = 12.5.1;
						TestTargetID = D2DE088C26E3B486006096A2;
					};
				};
			};
			buildConfigurationList = D2DE088826E3B486006096A2 /* Build configuration list for PBXProject "YYxObjcProvingground" */;
			compatibilityVersion = "Xcode 9.3";
			developmentRegion = en;
			hasScannedForEncodings = 0;
			knownRegions = (
				en,
				Base,
			);
			mainGroup = D2DE088426E3B486006096A2;
			productRefGroup = D2DE088E26E3B486006096A2 /* Products */;
			projectDirPath = "";
			projectRoot = "";
			targets = (
				D2DE088C26E3B486006096A2 /* YYxObjcProvingground */,
				D2DE08A726E3B489006096A2 /* YYxObjcProvinggroundTests */,
				D2DE08B226E3B489006096A2 /* YYxObjcProvinggroundUITests */,
			);
		};
/* End PBXProject section */

/* Begin PBXResourcesBuildPhase section */
		D2DE088B26E3B486006096A2 /* Resources */ = {
			isa = PBXResourcesBuildPhase;
			buildActionMask = 2147483647;
			files = (
				D2DE08A026E3B489006096A2 /* LaunchScreen.storyboard in Resources */,
				D2B3C6CC26E72F650009F2A1 /* friend1.json in Resources */,
				D2B3C6D226E72F650009F2A1 /* friend4.json in Resources */,
				D2DE089D26E3B489006096A2 /* Assets.xcassets in Resources */,
				D2B3C6CF26E72F650009F2A1 /* man.json in Resources */,
				D2B3C6D526E72F650009F2A1 /* friend3.json in Resources */,
				D2B3C6D826E72F650009F2A1 /* friend2.json in Resources */,
				D2DE089B26E3B486006096A2 /* Main.storyboard in Resources */,
			);
			runOnlyForDeploymentPostprocessing = 0;
		};
		D2DE08A626E3B489006096A2 /* Resources */ = {
			isa = PBXResourcesBuildPhase;
			buildActionMask = 2147483647;
			files = (
				D2B3C6D026E72F650009F2A1 /* man.json in Resources */,
				D2B3C6CD26E72F650009F2A1 /* friend1.json in Resources */,
				D2B3C6D326E72F650009F2A1 /* friend4.json in Resources */,
				D2B3C6D626E72F650009F2A1 /* friend3.json in Resources */,
				D2B3C6D926E72F650009F2A1 /* friend2.json in Resources */,
			);
			runOnlyForDeploymentPostprocessing = 0;
		};
		D2DE08B126E3B489006096A2 /* Resources */ = {
			isa = PBXResourcesBuildPhase;
			buildActionMask = 2147483647;
			files = (
				D2B3C6D126E72F650009F2A1 /* man.json in Resources */,
				D2B3C6CE26E72F650009F2A1 /* friend1.json in Resources */,
				D2B3C6D426E72F650009F2A1 /* friend4.json in Resources */,
				D2B3C6D726E72F650009F2A1 /* friend3.json in Resources */,
				D2B3C6DA26E72F650009F2A1 /* friend2.json in Resources */,
			);
			runOnlyForDeploymentPostprocessing = 0;
		};
/* End PBXResourcesBuildPhase section */

/* Begin PBXShellScriptBuildPhase section */
		40CE9A7D8BCE6BA2EBDA4C42 /* [CP] Check Pods Manifest.lock */ = {
			isa = PBXShellScriptBuildPhase;
			buildActionMask = 2147483647;
			files = (
			);
			inputFileListPaths = (
			);
			inputPaths = (
				"${PODS_PODFILE_DIR_PATH}/Podfile.lock",
				"${PODS_ROOT}/Manifest.lock",
			);
			name = "[CP] Check Pods Manifest.lock";
			outputFileListPaths = (
			);
			outputPaths = (
				"$(DERIVED_FILE_DIR)/Pods-YYxObjcProvingground-checkManifestLockResult.txt",
			);
			runOnlyForDeploymentPostprocessing = 0;
			shellPath = /bin/sh;
			shellScript = "diff \"${PODS_PODFILE_DIR_PATH}/Podfile.lock\" \"${PODS_ROOT}/Manifest.lock\" > /dev/null\nif [ $? != 0 ] ; then\n    # print error to STDERR\n    echo \"error: The sandbox is not in sync with the Podfile.lock. Run 'pod install' or update your CocoaPods installation.\" >&2\n    exit 1\nfi\n# This output is used by Xcode 'outputs' to avoid re-running this script phase.\necho \"SUCCESS\" > \"${SCRIPT_OUTPUT_FILE_0}\"\n";
			showEnvVarsInLog = 0;
		};
		7BD87DD132981D35504FADA7 /* [CP] Check Pods Manifest.lock */ = {
			isa = PBXShellScriptBuildPhase;
			buildActionMask = 2147483647;
			files = (
			);
			inputFileListPaths = (
			);
			inputPaths = (
				"${PODS_PODFILE_DIR_PATH}/Podfile.lock",
				"${PODS_ROOT}/Manifest.lock",
			);
			name = "[CP] Check Pods Manifest.lock";
			outputFileListPaths = (
			);
			outputPaths = (
				"$(DERIVED_FILE_DIR)/Pods-YYxObjcProvinggroundTests-checkManifestLockResult.txt",
			);
			runOnlyForDeploymentPostprocessing = 0;
			shellPath = /bin/sh;
			shellScript = "diff \"${PODS_PODFILE_DIR_PATH}/Podfile.lock\" \"${PODS_ROOT}/Manifest.lock\" > /dev/null\nif [ $? != 0 ] ; then\n    # print error to STDERR\n    echo \"error: The sandbox is not in sync with the Podfile.lock. Run 'pod install' or update your CocoaPods installation.\" >&2\n    exit 1\nfi\n# This output is used by Xcode 'outputs' to avoid re-running this script phase.\necho \"SUCCESS\" > \"${SCRIPT_OUTPUT_FILE_0}\"\n";
			showEnvVarsInLog = 0;
		};
		8BE04F89F28AE955EB29D266 /* [CP] Check Pods Manifest.lock */ = {
			isa = PBXShellScriptBuildPhase;
			buildActionMask = 2147483647;
			files = (
			);
			inputFileListPaths = (
			);
			inputPaths = (
				"${PODS_PODFILE_DIR_PATH}/Podfile.lock",
				"${PODS_ROOT}/Manifest.lock",
			);
			name = "[CP] Check Pods Manifest.lock";
			outputFileListPaths = (
			);
			outputPaths = (
				"$(DERIVED_FILE_DIR)/Pods-YYxObjcProvingground-YYxObjcProvinggroundUITests-checkManifestLockResult.txt",
			);
			runOnlyForDeploymentPostprocessing = 0;
			shellPath = /bin/sh;
			shellScript = "diff \"${PODS_PODFILE_DIR_PATH}/Podfile.lock\" \"${PODS_ROOT}/Manifest.lock\" > /dev/null\nif [ $? != 0 ] ; then\n    # print error to STDERR\n    echo \"error: The sandbox is not in sync with the Podfile.lock. Run 'pod install' or update your CocoaPods installation.\" >&2\n    exit 1\nfi\n# This output is used by Xcode 'outputs' to avoid re-running this script phase.\necho \"SUCCESS\" > \"${SCRIPT_OUTPUT_FILE_0}\"\n";
			showEnvVarsInLog = 0;
		};
		93B6F559BB42AD99B8B2935A /* [CP] Embed Pods Frameworks */ = {
			isa = PBXShellScriptBuildPhase;
			buildActionMask = 2147483647;
			files = (
			);
			inputFileListPaths = (
				"${PODS_ROOT}/Target Support Files/Pods-YYxObjcProvinggroundTests/Pods-YYxObjcProvinggroundTests-frameworks-${CONFIGURATION}-input-files.xcfilelist",
			);
			name = "[CP] Embed Pods Frameworks";
			outputFileListPaths = (
				"${PODS_ROOT}/Target Support Files/Pods-YYxObjcProvinggroundTests/Pods-YYxObjcProvinggroundTests-frameworks-${CONFIGURATION}-output-files.xcfilelist",
			);
			runOnlyForDeploymentPostprocessing = 0;
			shellPath = /bin/sh;
			shellScript = "\"${PODS_ROOT}/Target Support Files/Pods-YYxObjcProvinggroundTests/Pods-YYxObjcProvinggroundTests-frameworks.sh\"\n";
			showEnvVarsInLog = 0;
		};
		AC1AB0B602C08878A3DDF9B0 /* [CP] Embed Pods Frameworks */ = {
			isa = PBXShellScriptBuildPhase;
			buildActionMask = 2147483647;
			files = (
			);
			inputFileListPaths = (
				"${PODS_ROOT}/Target Support Files/Pods-YYxObjcProvingground-YYxObjcProvinggroundUITests/Pods-YYxObjcProvingground-YYxObjcProvinggroundUITests-frameworks-${CONFIGURATION}-input-files.xcfilelist",
			);
			name = "[CP] Embed Pods Frameworks";
			outputFileListPaths = (
				"${PODS_ROOT}/Target Support Files/Pods-YYxObjcProvingground-YYxObjcProvinggroundUITests/Pods-YYxObjcProvingground-YYxObjcProvinggroundUITests-frameworks-${CONFIGURATION}-output-files.xcfilelist",
			);
			runOnlyForDeploymentPostprocessing = 0;
			shellPath = /bin/sh;
			shellScript = "\"${PODS_ROOT}/Target Support Files/Pods-YYxObjcProvingground-YYxObjcProvinggroundUITests/Pods-YYxObjcProvingground-YYxObjcProvinggroundUITests-frameworks.sh\"\n";
			showEnvVarsInLog = 0;
		};
		E502A672C03F0F9EFB47B78E /* [CP] Embed Pods Frameworks */ = {
			isa = PBXShellScriptBuildPhase;
			buildActionMask = 2147483647;
			files = (
			);
			inputFileListPaths = (
				"${PODS_ROOT}/Target Support Files/Pods-YYxObjcProvingground/Pods-YYxObjcProvingground-frameworks-${CONFIGURATION}-input-files.xcfilelist",
			);
			name = "[CP] Embed Pods Frameworks";
			outputFileListPaths = (
				"${PODS_ROOT}/Target Support Files/Pods-YYxObjcProvingground/Pods-YYxObjcProvingground-frameworks-${CONFIGURATION}-output-files.xcfilelist",
			);
			runOnlyForDeploymentPostprocessing = 0;
			shellPath = /bin/sh;
			shellScript = "\"${PODS_ROOT}/Target Support Files/Pods-YYxObjcProvingground/Pods-YYxObjcProvingground-frameworks.sh\"\n";
			showEnvVarsInLog = 0;
		};
/* End PBXShellScriptBuildPhase section */

/* Begin PBXSourcesBuildPhase section */
		D2DE088926E3B486006096A2 /* Sources */ = {
			isa = PBXSourcesBuildPhase;
			buildActionMask = 2147483647;
			files = (
				D2B3C6DB26E72F650009F2A1 /* Man.m in Sources */,
				D2B3C6DE26E72F650009F2A1 /* Friend.m in Sources */,
				D2B3C6B526E72E2C0009F2A1 /* JsonDataManager.m in Sources */,
				D2B3C6E126E72F650009F2A1 /* ManResponse.m in Sources */,
				D2DE089826E3B486006096A2 /* ViewController.m in Sources */,
				D2DE089226E3B486006096A2 /* AppDelegate.m in Sources */,
				D2DE08A326E3B489006096A2 /* main.m in Sources */,
				D2DE089526E3B486006096A2 /* SceneDelegate.m in Sources */,
				D2B3C6E426E72F650009F2A1 /* FriendResponse.m in Sources */,
			);
			runOnlyForDeploymentPostprocessing = 0;
		};
		D2DE08A426E3B489006096A2 /* Sources */ = {
			isa = PBXSourcesBuildPhase;
			buildActionMask = 2147483647;
			files = (
				D2B3C6DC26E72F650009F2A1 /* Man.m in Sources */,
				D2DE08AD26E3B489006096A2 /* YYxObjcProvinggroundTests.m in Sources */,
				D2B3C6E526E72F650009F2A1 /* FriendResponse.m in Sources */,
				D2B3C6B626E72E2C0009F2A1 /* JsonDataManager.m in Sources */,
				D2B3C6DF26E72F650009F2A1 /* Friend.m in Sources */,
				D2B3C6E226E72F650009F2A1 /* ManResponse.m in Sources */,
			);
			runOnlyForDeploymentPostprocessing = 0;
		};
		D2DE08AF26E3B489006096A2 /* Sources */ = {
			isa = PBXSourcesBuildPhase;
			buildActionMask = 2147483647;
			files = (
				D2B3C6DD26E72F650009F2A1 /* Man.m in Sources */,
				D2DE08B826E3B489006096A2 /* YYxObjcProvinggroundUITests.m in Sources */,
				D2B3C6E626E72F650009F2A1 /* FriendResponse.m in Sources */,
				D2B3C6B726E72E2C0009F2A1 /* JsonDataManager.m in Sources */,
				D2B3C6E026E72F650009F2A1 /* Friend.m in Sources */,
				D2B3C6E326E72F650009F2A1 /* ManResponse.m in Sources */,
			);
			runOnlyForDeploymentPostprocessing = 0;
		};
/* End PBXSourcesBuildPhase section */

/* Begin PBXTargetDependency section */
		D2DE08AA26E3B489006096A2 /* PBXTargetDependency */ = {
			isa = PBXTargetDependency;
			target = D2DE088C26E3B486006096A2 /* YYxObjcProvingground */;
			targetProxy = D2DE08A926E3B489006096A2 /* PBXContainerItemProxy */;
		};
		D2DE08B526E3B489006096A2 /* PBXTargetDependency */ = {
			isa = PBXTargetDependency;
			target = D2DE088C26E3B486006096A2 /* YYxObjcProvingground */;
			targetProxy = D2DE08B426E3B489006096A2 /* PBXContainerItemProxy */;
		};
/* End PBXTargetDependency section */

/* Begin PBXVariantGroup section */
		D2DE089926E3B486006096A2 /* Main.storyboard */ = {
			isa = PBXVariantGroup;
			children = (
				D2DE089A26E3B486006096A2 /* Base */,
			);
			name = Main.storyboard;
			sourceTree = "<group>";
		};
		D2DE089E26E3B489006096A2 /* LaunchScreen.storyboard */ = {
			isa = PBXVariantGroup;
			children = (
				D2DE089F26E3B489006096A2 /* Base */,
			);
			name = LaunchScreen.storyboard;
			sourceTree = "<group>";
		};
/* End PBXVariantGroup section */

/* Begin XCBuildConfiguration section */
		D2DE08BA26E3B489006096A2 /* Debug */ = {
			isa = XCBuildConfiguration;
			buildSettings = {
				ALWAYS_SEARCH_USER_PATHS = NO;
				CLANG_ANALYZER_NONNULL = YES;
				CLANG_ANALYZER_NUMBER_OBJECT_CONVERSION = YES_AGGRESSIVE;
				CLANG_CXX_LANGUAGE_STANDARD = "gnu++14";
				CLANG_CXX_LIBRARY = "libc++";
				CLANG_ENABLE_MODULES = YES;
				CLANG_ENABLE_OBJC_ARC = YES;
				CLANG_ENABLE_OBJC_WEAK = YES;
				CLANG_WARN_BLOCK_CAPTURE_AUTORELEASING = YES;
				CLANG_WARN_BOOL_CONVERSION = YES;
				CLANG_WARN_COMMA = YES;
				CLANG_WARN_CONSTANT_CONVERSION = YES;
				CLANG_WARN_DEPRECATED_OBJC_IMPLEMENTATIONS = YES;
				CLANG_WARN_DIRECT_OBJC_ISA_USAGE = YES_ERROR;
				CLANG_WARN_DOCUMENTATION_COMMENTS = YES;
				CLANG_WARN_EMPTY_BODY = YES;
				CLANG_WARN_ENUM_CONVERSION = YES;
				CLANG_WARN_INFINITE_RECURSION = YES;
				CLANG_WARN_INT_CONVERSION = YES;
				CLANG_WARN_NON_LITERAL_NULL_CONVERSION = YES;
				CLANG_WARN_OBJC_IMPLICIT_RETAIN_SELF = YES;
				CLANG_WARN_OBJC_LITERAL_CONVERSION = YES;
				CLANG_WARN_OBJC_ROOT_CLASS = YES_ERROR;
				CLANG_WARN_QUOTED_INCLUDE_IN_FRAMEWORK_HEADER = YES;
				CLANG_WARN_RANGE_LOOP_ANALYSIS = YES;
				CLANG_WARN_STRICT_PROTOTYPES = YES;
				CLANG_WARN_SUSPICIOUS_MOVE = YES;
				CLANG_WARN_UNGUARDED_AVAILABILITY = YES_AGGRESSIVE;
				CLANG_WARN_UNREACHABLE_CODE = YES;
				CLANG_WARN__DUPLICATE_METHOD_MATCH = YES;
				COPY_PHASE_STRIP = NO;
				DEBUG_INFORMATION_FORMAT = dwarf;
				ENABLE_STRICT_OBJC_MSGSEND = YES;
				ENABLE_TESTABILITY = YES;
				GCC_C_LANGUAGE_STANDARD = gnu11;
				GCC_DYNAMIC_NO_PIC = NO;
				GCC_NO_COMMON_BLOCKS = YES;
				GCC_OPTIMIZATION_LEVEL = 0;
				GCC_PREPROCESSOR_DEFINITIONS = (
					"DEBUG=1",
					"$(inherited)",
				);
				GCC_WARN_64_TO_32_BIT_CONVERSION = YES;
				GCC_WARN_ABOUT_RETURN_TYPE = YES_ERROR;
				GCC_WARN_UNDECLARED_SELECTOR = YES;
				GCC_WARN_UNINITIALIZED_AUTOS = YES_AGGRESSIVE;
				GCC_WARN_UNUSED_FUNCTION = YES;
				GCC_WARN_UNUSED_VARIABLE = YES;
				IPHONEOS_DEPLOYMENT_TARGET = 14.5;
				MTL_ENABLE_DEBUG_INFO = INCLUDE_SOURCE;
				MTL_FAST_MATH = YES;
				ONLY_ACTIVE_ARCH = YES;
				SDKROOT = iphoneos;
			};
			name = Debug;
		};
		D2DE08BB26E3B489006096A2 /* Release */ = {
			isa = XCBuildConfiguration;
			buildSettings = {
				ALWAYS_SEARCH_USER_PATHS = NO;
				CLANG_ANALYZER_NONNULL = YES;
				CLANG_ANALYZER_NUMBER_OBJECT_CONVERSION = YES_AGGRESSIVE;
				CLANG_CXX_LANGUAGE_STANDARD = "gnu++14";
				CLANG_CXX_LIBRARY = "libc++";
				CLANG_ENABLE_MODULES = YES;
				CLANG_ENABLE_OBJC_ARC = YES;
				CLANG_ENABLE_OBJC_WEAK = YES;
				CLANG_WARN_BLOCK_CAPTURE_AUTORELEASING = YES;
				CLANG_WARN_BOOL_CONVERSION = YES;
				CLANG_WARN_COMMA = YES;
				CLANG_WARN_CONSTANT_CONVERSION = YES;
				CLANG_WARN_DEPRECATED_OBJC_IMPLEMENTATIONS = YES;
				CLANG_WARN_DIRECT_OBJC_ISA_USAGE = YES_ERROR;
				CLANG_WARN_DOCUMENTATION_COMMENTS = YES;
				CLANG_WARN_EMPTY_BODY = YES;
				CLANG_WARN_ENUM_CONVERSION = YES;
				CLANG_WARN_INFINITE_RECURSION = YES;
				CLANG_WARN_INT_CONVERSION = YES;
				CLANG_WARN_NON_LITERAL_NULL_CONVERSION = YES;
				CLANG_WARN_OBJC_IMPLICIT_RETAIN_SELF = YES;
				CLANG_WARN_OBJC_LITERAL_CONVERSION = YES;
				CLANG_WARN_OBJC_ROOT_CLASS = YES_ERROR;
				CLANG_WARN_QUOTED_INCLUDE_IN_FRAMEWORK_HEADER = YES;
				CLANG_WARN_RANGE_LOOP_ANALYSIS = YES;
				CLANG_WARN_STRICT_PROTOTYPES = YES;
				CLANG_WARN_SUSPICIOUS_MOVE = YES;
				CLANG_WARN_UNGUARDED_AVAILABILITY = YES_AGGRESSIVE;
				CLANG_WARN_UNREACHABLE_CODE = YES;
				CLANG_WARN__DUPLICATE_METHOD_MATCH = YES;
				COPY_PHASE_STRIP = NO;
				DEBUG_INFORMATION_FORMAT = "dwarf-with-dsym";
				ENABLE_NS_ASSERTIONS = NO;
				ENABLE_STRICT_OBJC_MSGSEND = YES;
				GCC_C_LANGUAGE_STANDARD = gnu11;
				GCC_NO_COMMON_BLOCKS = YES;
				GCC_WARN_64_TO_32_BIT_CONVERSION = YES;
				GCC_WARN_ABOUT_RETURN_TYPE = YES_ERROR;
				GCC_WARN_UNDECLARED_SELECTOR = YES;
				GCC_WARN_UNINITIALIZED_AUTOS = YES_AGGRESSIVE;
				GCC_WARN_UNUSED_FUNCTION = YES;
				GCC_WARN_UNUSED_VARIABLE = YES;
				IPHONEOS_DEPLOYMENT_TARGET = 14.5;
				MTL_ENABLE_DEBUG_INFO = NO;
				MTL_FAST_MATH = YES;
				SDKROOT = iphoneos;
				VALIDATE_PRODUCT = YES;
			};
			name = Release;
		};
		D2DE08BD26E3B489006096A2 /* Debug */ = {
			isa = XCBuildConfiguration;
			baseConfigurationReference = 1141DE56109C57F0D9494C91 /* Pods-YYxObjcProvingground.debug.xcconfig */;
			buildSettings = {
				ASSETCATALOG_COMPILER_APPICON_NAME = AppIcon;
				ASSETCATALOG_COMPILER_GLOBAL_ACCENT_COLOR_NAME = AccentColor;
				CODE_SIGN_STYLE = Automatic;
				DEVELOPMENT_TEAM = XPYYPG44HB;
				INFOPLIST_FILE = YYxObjcProvingground/Info.plist;
				LD_RUNPATH_SEARCH_PATHS = (
					"$(inherited)",
					"@executable_path/Frameworks",
				);
				PRODUCT_BUNDLE_IDENTIFIER = yyx.YYxObjcProvingground;
				PRODUCT_NAME = "$(TARGET_NAME)";
				TARGETED_DEVICE_FAMILY = "1,2";
			};
			name = Debug;
		};
		D2DE08BE26E3B489006096A2 /* Release */ = {
			isa = XCBuildConfiguration;
			baseConfigurationReference = 74886205AB76FCB659201C6E /* Pods-YYxObjcProvingground.release.xcconfig */;
			buildSettings = {
				ASSETCATALOG_COMPILER_APPICON_NAME = AppIcon;
				ASSETCATALOG_COMPILER_GLOBAL_ACCENT_COLOR_NAME = AccentColor;
				CODE_SIGN_STYLE = Automatic;
				DEVELOPMENT_TEAM = XPYYPG44HB;
				INFOPLIST_FILE = YYxObjcProvingground/Info.plist;
				LD_RUNPATH_SEARCH_PATHS = (
					"$(inherited)",
					"@executable_path/Frameworks",
				);
				PRODUCT_BUNDLE_IDENTIFIER = yyx.YYxObjcProvingground;
				PRODUCT_NAME = "$(TARGET_NAME)";
				TARGETED_DEVICE_FAMILY = "1,2";
			};
			name = Release;
		};
		D2DE08C026E3B489006096A2 /* Debug */ = {
			isa = XCBuildConfiguration;
			baseConfigurationReference = 9B1EBC33442876247369433F /* Pods-YYxObjcProvinggroundTests.debug.xcconfig */;
			buildSettings = {
				BUNDLE_LOADER = "$(TEST_HOST)";
				CODE_SIGN_STYLE = Automatic;
				DEVELOPMENT_TEAM = XPYYPG44HB;
				INFOPLIST_FILE = YYxObjcProvinggroundTests/Info.plist;
				IPHONEOS_DEPLOYMENT_TARGET = 14.5;
				LD_RUNPATH_SEARCH_PATHS = (
					"$(inherited)",
					"@executable_path/Frameworks",
					"@loader_path/Frameworks",
				);
				PRODUCT_BUNDLE_IDENTIFIER = yyx.YYxObjcProvinggroundTests;
				PRODUCT_NAME = "$(TARGET_NAME)";
				TARGETED_DEVICE_FAMILY = "1,2";
				TEST_HOST = "$(BUILT_PRODUCTS_DIR)/YYxObjcProvingground.app/YYxObjcProvingground";
			};
			name = Debug;
		};
		D2DE08C126E3B489006096A2 /* Release */ = {
			isa = XCBuildConfiguration;
			baseConfigurationReference = C44BCC71E23B733F40BE20E5 /* Pods-YYxObjcProvinggroundTests.release.xcconfig */;
			buildSettings = {
				BUNDLE_LOADER = "$(TEST_HOST)";
				CODE_SIGN_STYLE = Automatic;
				DEVELOPMENT_TEAM = XPYYPG44HB;
				INFOPLIST_FILE = YYxObjcProvinggroundTests/Info.plist;
				IPHONEOS_DEPLOYMENT_TARGET = 14.5;
				LD_RUNPATH_SEARCH_PATHS = (
					"$(inherited)",
					"@executable_path/Frameworks",
					"@loader_path/Frameworks",
				);
				PRODUCT_BUNDLE_IDENTIFIER = yyx.YYxObjcProvinggroundTests;
				PRODUCT_NAME = "$(TARGET_NAME)";
				TARGETED_DEVICE_FAMILY = "1,2";
				TEST_HOST = "$(BUILT_PRODUCTS_DIR)/YYxObjcProvingground.app/YYxObjcProvingground";
			};
			name = Release;
		};
		D2DE08C326E3B489006096A2 /* Debug */ = {
			isa = XCBuildConfiguration;
			baseConfigurationReference = E92559C1A4823FFF50C30B7B /* Pods-YYxObjcProvingground-YYxObjcProvinggroundUITests.debug.xcconfig */;
			buildSettings = {
				CODE_SIGN_STYLE = Automatic;
				DEVELOPMENT_TEAM = XPYYPG44HB;
				INFOPLIST_FILE = YYxObjcProvinggroundUITests/Info.plist;
				LD_RUNPATH_SEARCH_PATHS = (
					"$(inherited)",
					"@executable_path/Frameworks",
					"@loader_path/Frameworks",
				);
				PRODUCT_BUNDLE_IDENTIFIER = yyx.YYxObjcProvinggroundUITests;
				PRODUCT_NAME = "$(TARGET_NAME)";
				TARGETED_DEVICE_FAMILY = "1,2";
				TEST_TARGET_NAME = YYxObjcProvingground;
			};
			name = Debug;
		};
		D2DE08C426E3B489006096A2 /* Release */ = {
			isa = XCBuildConfiguration;
			baseConfigurationReference = 15CED8008E3007D29DE24CD9 /* Pods-YYxObjcProvingground-YYxObjcProvinggroundUITests.release.xcconfig */;
			buildSettings = {
				CODE_SIGN_STYLE = Automatic;
				DEVELOPMENT_TEAM = XPYYPG44HB;
				INFOPLIST_FILE = YYxObjcProvinggroundUITests/Info.plist;
				LD_RUNPATH_SEARCH_PATHS = (
					"$(inherited)",
					"@executable_path/Frameworks",
					"@loader_path/Frameworks",
				);
				PRODUCT_BUNDLE_IDENTIFIER = yyx.YYxObjcProvinggroundUITests;
				PRODUCT_NAME = "$(TARGET_NAME)";
				TARGETED_DEVICE_FAMILY = "1,2";
				TEST_TARGET_NAME = YYxObjcProvingground;
			};
			name = Release;
		};
/* End XCBuildConfiguration section */

/* Begin XCConfigurationList section */
		D2DE088826E3B486006096A2 /* Build configuration list for PBXProject "YYxObjcProvingground" */ = {
			isa = XCConfigurationList;
			buildConfigurations = (
				D2DE08BA26E3B489006096A2 /* Debug */,
				D2DE08BB26E3B489006096A2 /* Release */,
			);
			defaultConfigurationIsVisible = 0;
			defaultConfigurationName = Release;
		};
		D2DE08BC26E3B489006096A2 /* Build configuration list for PBXNativeTarget "YYxObjcProvingground" */ = {
			isa = XCConfigurationList;
			buildConfigurations = (
				D2DE08BD26E3B489006096A2 /* Debug */,
				D2DE08BE26E3B489006096A2 /* Release */,
			);
			defaultConfigurationIsVisible = 0;
			defaultConfigurationName = Release;
		};
		D2DE08BF26E3B489006096A2 /* Build configuration list for PBXNativeTarget "YYxObjcProvinggroundTests" */ = {
			isa = XCConfigurationList;
			buildConfigurations = (
				D2DE08C026E3B489006096A2 /* Debug */,
				D2DE08C126E3B489006096A2 /* Release */,
			);
			defaultConfigurationIsVisible = 0;
			defaultConfigurationName = Release;
		};
		D2DE08C226E3B489006096A2 /* Build configuration list for PBXNativeTarget "YYxObjcProvinggroundUITests" */ = {
			isa = XCConfigurationList;
			buildConfigurations = (
				D2DE08C326E3B489006096A2 /* Debug */,
				D2DE08C426E3B489006096A2 /* Release */,
			);
			defaultConfigurationIsVisible = 0;
			defaultConfigurationName = Release;
		};
/* End XCConfigurationList section */
	};
	rootObject = D2DE088526E3B486006096A2 /* Project object */;
}
